
Microsoft Visual Studio Solution File, Format Version 12.00
# Visual Studio 15
VisualStudioVersion = 15.0.28307.329
MinimumVisualStudioVersion = 10.0.40219.1
Project("{FAE04EC0-301F-11D3-BF4B-00C04F79EFBC}") = "CircleAround1", "CircleAround1\CircleAround1.csproj", "{94F42800-2C6D-4F57-B1E2-AB6A52E8910C}"
EndProject
Global
	GlobalSection(SolutionConfigurationPlatforms) = preSolution
		Debug|Any CPU = Debug|Any CPU
		Release|Any CPU = Release|Any CPU
	EndGlobalSection
	GlobalSection(ProjectConfigurationPlatforms) = postSolution
		{94F42800-2C6D-4F57-B1E2-AB6A52E8910C}.Debug|Any CPU.ActiveCfg = Debug|Any CPU
		{94F42800-2C6D-4F57-B1E2-AB6A52E8910C}.Debug|Any CPU.Build.0 = Debug|Any CPU
		{94F42800-2C6D-4F57-B1E2-AB6A52E8910C}.Release|Any CPU.ActiveCfg = Release|Any CPU
		{94F42800-2C6D-4F57-B1E2-AB6A52E8910C}.Release|Any CPU.Build.0 = Release|Any CPU
	EndGlobalSection
	GlobalSection(SolutionProperties) = preSolution
		HideSolutionNode = FALSE
	EndGlobalSection
	GlobalSection(ExtensibilityGlobals) = postSolution
		SolutionGuid = {594F21AE-74A3-4442-9314-6EABF435CB79}
	EndGlobalSection
EndGlobal
