
Microsoft Visual Studio Solution File, Format Version 12.00
# Visual Studio 15
VisualStudioVersion = 15.0.28307.329
MinimumVisualStudioVersion = 10.0.40219.1
Project("{FAE04EC0-301F-11D3-BF4B-00C04F79EFBC}") = "Ocean", "Ocean\Ocean.csproj", "{5820DB84-C20A-46A6-B8EF-11582D178315}"
EndProject
Global
	GlobalSection(SolutionConfigurationPlatforms) = preSolution
		Debug|Any CPU = Debug|Any CPU
		Release|Any CPU = Release|Any CPU
	EndGlobalSection
	GlobalSection(ProjectConfigurationPlatforms) = postSolution
		{5820DB84-C20A-46A6-B8EF-11582D178315}.Debug|Any CPU.ActiveCfg = Debug|Any CPU
		{5820DB84-C20A-46A6-B8EF-11582D178315}.Debug|Any CPU.Build.0 = Debug|Any CPU
		{5820DB84-C20A-46A6-B8EF-11582D178315}.Release|Any CPU.ActiveCfg = Release|Any CPU
		{5820DB84-C20A-46A6-B8EF-11582D178315}.Release|Any CPU.Build.0 = Release|Any CPU
	EndGlobalSection
	GlobalSection(SolutionProperties) = preSolution
		HideSolutionNode = FALSE
	EndGlobalSection
	GlobalSection(ExtensibilityGlobals) = postSolution
		SolutionGuid = {57FF1307-68D7-4E1F-B1EC-540CE7886FF8}
	EndGlobalSection
EndGlobal
