
Microsoft Visual Studio Solution File, Format Version 12.00
# Visual Studio 15
VisualStudioVersion = 15.0.28307.329
MinimumVisualStudioVersion = 10.0.40219.1
Project("{FAE04EC0-301F-11D3-BF4B-00C04F79EFBC}") = "ExforThread", "ExforThread\ExforThread.csproj", "{07E2D43B-5274-4EB4-AD3E-BDC262B33184}"
EndProject
Global
	GlobalSection(SolutionConfigurationPlatforms) = preSolution
		Debug|Any CPU = Debug|Any CPU
		Release|Any CPU = Release|Any CPU
	EndGlobalSection
	GlobalSection(ProjectConfigurationPlatforms) = postSolution
		{07E2D43B-5274-4EB4-AD3E-BDC262B33184}.Debug|Any CPU.ActiveCfg = Debug|Any CPU
		{07E2D43B-5274-4EB4-AD3E-BDC262B33184}.Debug|Any CPU.Build.0 = Debug|Any CPU
		{07E2D43B-5274-4EB4-AD3E-BDC262B33184}.Release|Any CPU.ActiveCfg = Release|Any CPU
		{07E2D43B-5274-4EB4-AD3E-BDC262B33184}.Release|Any CPU.Build.0 = Release|Any CPU
	EndGlobalSection
	GlobalSection(SolutionProperties) = preSolution
		HideSolutionNode = FALSE
	EndGlobalSection
	GlobalSection(ExtensibilityGlobals) = postSolution
		SolutionGuid = {D50A0299-6E6A-4E19-9E0E-DED4BEF742F0}
	EndGlobalSection
EndGlobal
