
Microsoft Visual Studio Solution File, Format Version 12.00
# Visual Studio 15
VisualStudioVersion = 15.0.28307.329
MinimumVisualStudioVersion = 10.0.40219.1
Project("{FAE04EC0-301F-11D3-BF4B-00C04F79EFBC}") = "YelibayTask2", "YelibayTask2\YelibayTask2.csproj", "{3E30B8A7-09F8-4A49-A342-7051A79EBDAB}"
EndProject
Global
	GlobalSection(SolutionConfigurationPlatforms) = preSolution
		Debug|Any CPU = Debug|Any CPU
		Release|Any CPU = Release|Any CPU
	EndGlobalSection
	GlobalSection(ProjectConfigurationPlatforms) = postSolution
		{3E30B8A7-09F8-4A49-A342-7051A79EBDAB}.Debug|Any CPU.ActiveCfg = Debug|Any CPU
		{3E30B8A7-09F8-4A49-A342-7051A79EBDAB}.Debug|Any CPU.Build.0 = Debug|Any CPU
		{3E30B8A7-09F8-4A49-A342-7051A79EBDAB}.Release|Any CPU.ActiveCfg = Release|Any CPU
		{3E30B8A7-09F8-4A49-A342-7051A79EBDAB}.Release|Any CPU.Build.0 = Release|Any CPU
	EndGlobalSection
	GlobalSection(SolutionProperties) = preSolution
		HideSolutionNode = FALSE
	EndGlobalSection
	GlobalSection(ExtensibilityGlobals) = postSolution
		SolutionGuid = {8EA9080C-45B4-4425-891A-242368D06402}
	EndGlobalSection
EndGlobal
